
Microsoft Visual Studio Solution File, Format Version 12.00
# Visual Studio 15
VisualStudioVersion = 15.0.26127.3
MinimumVisualStudioVersion = 10.0.40219.1
Project("{FAE04EC0-301F-11D3-BF4B-00C04F79EFBC}") = "Microsoft.SDK.Groove.Client", "src\Microsoft.SDK.Groove.Client\Microsoft.SDK.Groove.Client.csproj", "{6B23356B-8809-46EC-93D1-674C40FDDD19}"
EndProject
Project("{FAE04EC0-301F-11D3-BF4B-00C04F79EFBC}") = "Microsoft.SDK.Groove.Models", "src\Microsoft.SDK.Groove.Models\Microsoft.SDK.Groove.Models.csproj", "{59A1510A-CA2F-40E1-A713-BF67B3B6A63B}"
EndProject
Project("{FAE04EC0-301F-11D3-BF4B-00C04F79EFBC}") = "Microsoft.SDK.Groove.Test", "test\Microsoft.SDK.Groove.Test\Microsoft.SDK.Groove.Test.csproj", "{5164CEF1-CB5D-4508-B458-AF9A610966B2}"
EndProject
Global
	GlobalSection(SolutionConfigurationPlatforms) = preSolution
		Debug|Any CPU = Debug|Any CPU
		Debug|x64 = Debug|x64
		Debug|x86 = Debug|x86
		Release|Any CPU = Release|Any CPU
		Release|x64 = Release|x64
		Release|x86 = Release|x86
	EndGlobalSection
	GlobalSection(ProjectConfigurationPlatforms) = postSolution
		{6B23356B-8809-46EC-93D1-674C40FDDD19}.Debug|Any CPU.ActiveCfg = Debug|Any CPU
		{6B23356B-8809-46EC-93D1-674C40FDDD19}.Debug|Any CPU.Build.0 = Debug|Any CPU
		{6B23356B-8809-46EC-93D1-674C40FDDD19}.Debug|x64.ActiveCfg = Debug|x64
		{6B23356B-8809-46EC-93D1-674C40FDDD19}.Debug|x64.Build.0 = Debug|x64
		{6B23356B-8809-46EC-93D1-674C40FDDD19}.Debug|x86.ActiveCfg = Debug|x86
		{6B23356B-8809-46EC-93D1-674C40FDDD19}.Debug|x86.Build.0 = Debug|x86
		{6B23356B-8809-46EC-93D1-674C40FDDD19}.Release|Any CPU.ActiveCfg = Release|Any CPU
		{6B23356B-8809-46EC-93D1-674C40FDDD19}.Release|Any CPU.Build.0 = Release|Any CPU
		{6B23356B-8809-46EC-93D1-674C40FDDD19}.Release|x64.ActiveCfg = Release|x64
		{6B23356B-8809-46EC-93D1-674C40FDDD19}.Release|x64.Build.0 = Release|x64
		{6B23356B-8809-46EC-93D1-674C40FDDD19}.Release|x86.ActiveCfg = Release|x86
		{6B23356B-8809-46EC-93D1-674C40FDDD19}.Release|x86.Build.0 = Release|x86
		{59A1510A-CA2F-40E1-A713-BF67B3B6A63B}.Debug|Any CPU.ActiveCfg = Debug|Any CPU
		{59A1510A-CA2F-40E1-A713-BF67B3B6A63B}.Debug|Any CPU.Build.0 = Debug|Any CPU
		{59A1510A-CA2F-40E1-A713-BF67B3B6A63B}.Debug|x64.ActiveCfg = Debug|x64
		{59A1510A-CA2F-40E1-A713-BF67B3B6A63B}.Debug|x64.Build.0 = Debug|x64
		{59A1510A-CA2F-40E1-A713-BF67B3B6A63B}.Debug|x86.ActiveCfg = Debug|x86
		{59A1510A-CA2F-40E1-A713-BF67B3B6A63B}.Debug|x86.Build.0 = Debug|x86
		{59A1510A-CA2F-40E1-A713-BF67B3B6A63B}.Release|Any CPU.ActiveCfg = Release|Any CPU
		{59A1510A-CA2F-40E1-A713-BF67B3B6A63B}.Release|Any CPU.Build.0 = Release|Any CPU
		{59A1510A-CA2F-40E1-A713-BF67B3B6A63B}.Release|x64.ActiveCfg = Release|x64
		{59A1510A-CA2F-40E1-A713-BF67B3B6A63B}.Release|x64.Build.0 = Release|x64
		{59A1510A-CA2F-40E1-A713-BF67B3B6A63B}.Release|x86.ActiveCfg = Release|x86
		{59A1510A-CA2F-40E1-A713-BF67B3B6A63B}.Release|x86.Build.0 = Release|x86
		{5164CEF1-CB5D-4508-B458-AF9A610966B2}.Debug|Any CPU.ActiveCfg = Debug|Any CPU
		{5164CEF1-CB5D-4508-B458-AF9A610966B2}.Debug|Any CPU.Build.0 = Debug|Any CPU
		{5164CEF1-CB5D-4508-B458-AF9A610966B2}.Debug|x64.ActiveCfg = Debug|Any CPU
		{5164CEF1-CB5D-4508-B458-AF9A610966B2}.Debug|x64.Build.0 = Debug|Any CPU
		{5164CEF1-CB5D-4508-B458-AF9A610966B2}.Debug|x86.ActiveCfg = Debug|Any CPU
		{5164CEF1-CB5D-4508-B458-AF9A610966B2}.Debug|x86.Build.0 = Debug|Any CPU
		{5164CEF1-CB5D-4508-B458-AF9A610966B2}.Release|Any CPU.ActiveCfg = Release|Any CPU
		{5164CEF1-CB5D-4508-B458-AF9A610966B2}.Release|Any CPU.Build.0 = Release|Any CPU
		{5164CEF1-CB5D-4508-B458-AF9A610966B2}.Release|x64.ActiveCfg = Release|Any CPU
		{5164CEF1-CB5D-4508-B458-AF9A610966B2}.Release|x64.Build.0 = Release|Any CPU
		{5164CEF1-CB5D-4508-B458-AF9A610966B2}.Release|x86.ActiveCfg = Release|Any CPU
		{5164CEF1-CB5D-4508-B458-AF9A610966B2}.Release|x86.Build.0 = Release|Any CPU
	EndGlobalSection
	GlobalSection(SolutionProperties) = preSolution
		HideSolutionNode = FALSE
	EndGlobalSection
EndGlobal
